Microsoft Visual Studio Solution File, Format Version 12.00
# Visual Studio Version 17
VisualStudioVersion = 17.5.2.0
MinimumVisualStudioVersion = 10.0.40219.1
Project("{2150E333-8FDC-42A3-9474-1A3956D46DE8}") = "mainctban", "mainctban", "{534AAF9F-22D0-DDE7-0CC5-1BAFE58D35B0}"
EndProject
Project("{FAE04EC0-301F-11D3-BF4B-00C04F79EFBC}") = "CTban", "mainctban\CTban.csproj", "{02CB7B00-25EC-FC00-2B2C-B2E7E6C9810C}"
EndProject
Global
	GlobalSection(SolutionConfigurationPlatforms) = preSolution
		Debug|Any CPU = Debug|Any CPU
		Release|Any CPU = Release|Any CPU
	EndGlobalSection
	GlobalSection(ProjectConfigurationPlatforms) = postSolution
		{02CB7B00-25EC-FC00-2B2C-B2E7E6C9810C}.Debug|Any CPU.ActiveCfg = Debug|Any CPU
		{02CB7B00-25EC-FC00-2B2C-B2E7E6C9810C}.Debug|Any CPU.Build.0 = Debug|Any CPU
		{02CB7B00-25EC-FC00-2B2C-B2E7E6C9810C}.Release|Any CPU.ActiveCfg = Release|Any CPU
		{02CB7B00-25EC-FC00-2B2C-B2E7E6C9810C}.Release|Any CPU.Build.0 = Release|Any CPU
	EndGlobalSection
	GlobalSection(SolutionProperties) = preSolution
		HideSolutionNode = FALSE
	EndGlobalSection
	GlobalSection(NestedProjects) = preSolution
		{02CB7B00-25EC-FC00-2B2C-B2E7E6C9810C} = {534AAF9F-22D0-DDE7-0CC5-1BAFE58D35B0}
	EndGlobalSection
	GlobalSection(ExtensibilityGlobals) = postSolution
		SolutionGuid = {52A6CB07-4BB1-44B1-9545-54CBEA1BE4FF}
	EndGlobalSection
EndGlobal
